
Microsoft Visual Studio Solution File, Format Version 12.00
# Visual Studio Version 16
VisualStudioVersion = 16.0.29519.181
MinimumVisualStudioVersion = 10.0.40219.1
Project("{FAE04EC0-301F-11D3-BF4B-00C04F79EFBC}") = "APICatalago", "APICatalago\APICatalago.csproj", "{A0913F9F-279C-40B5-AD9F-48A9C0521C5A}"
EndProject
Global
	GlobalSection(SolutionConfigurationPlatforms) = preSolution
		Debug|Any CPU = Debug|Any CPU
		Release|Any CPU = Release|Any CPU
	EndGlobalSection
	GlobalSection(ProjectConfigurationPlatforms) = postSolution
		{A0913F9F-279C-40B5-AD9F-48A9C0521C5A}.Debug|Any CPU.ActiveCfg = Debug|Any CPU
		{A0913F9F-279C-40B5-AD9F-48A9C0521C5A}.Debug|Any CPU.Build.0 = Debug|Any CPU
		{A0913F9F-279C-40B5-AD9F-48A9C0521C5A}.Release|Any CPU.ActiveCfg = Release|Any CPU
		{A0913F9F-279C-40B5-AD9F-48A9C0521C5A}.Release|Any CPU.Build.0 = Release|Any CPU
	EndGlobalSection
	GlobalSection(SolutionProperties) = preSolution
		HideSolutionNode = FALSE
	EndGlobalSection
	GlobalSection(ExtensibilityGlobals) = postSolution
		SolutionGuid = {705991FB-0F9A-472F-AFB3-B9F24F30751E}
	EndGlobalSection
EndGlobal
